
Microsoft Visual Studio Solution File, Format Version 12.00
# Visual Studio Version 17
VisualStudioVersion = 17.4.33103.184
MinimumVisualStudioVersion = 10.0.40219.1
Project("{FAE04EC0-301F-11D3-BF4B-00C04F79EFBC}") = "Dogo", "Dogo\Dogo.csproj", "{C6DDA561-E101-420D-ADFF-5E7331A7831C}"
EndProject
Global
	GlobalSection(SolutionConfigurationPlatforms) = preSolution
		Debug|Any CPU = Debug|Any CPU
		Release|Any CPU = Release|Any CPU
	EndGlobalSection
	GlobalSection(ProjectConfigurationPlatforms) = postSolution
		{C6DDA561-E101-420D-ADFF-5E7331A7831C}.Debug|Any CPU.ActiveCfg = Debug|Any CPU
		{C6DDA561-E101-420D-ADFF-5E7331A7831C}.Debug|Any CPU.Build.0 = Debug|Any CPU
		{C6DDA561-E101-420D-ADFF-5E7331A7831C}.Release|Any CPU.ActiveCfg = Release|Any CPU
		{C6DDA561-E101-420D-ADFF-5E7331A7831C}.Release|Any CPU.Build.0 = Release|Any CPU
	EndGlobalSection
	GlobalSection(SolutionProperties) = preSolution
		HideSolutionNode = FALSE
	EndGlobalSection
	GlobalSection(ExtensibilityGlobals) = postSolution
		SolutionGuid = {10D80C6A-E2AD-4182-8B3F-AB24C8C8DFC0}
	EndGlobalSection
EndGlobal
